
Microsoft Visual Studio Solution File, Format Version 12.00
# Visual Studio Version 17
VisualStudioVersion = 17.4.33110.190
MinimumVisualStudioVersion = 10.0.40219.1
Project("{FAE04EC0-301F-11D3-BF4B-00C04F79EFBC}") = "AFG_GUI_2", "AFG_GUI_2.csproj", "{58FF0AEF-118F-4C4A-A077-59EF014E01C7}"
EndProject
Global
	GlobalSection(SolutionConfigurationPlatforms) = preSolution
		Debug|Any CPU = Debug|Any CPU
		Release|Any CPU = Release|Any CPU
	EndGlobalSection
	GlobalSection(ProjectConfigurationPlatforms) = postSolution
		{58FF0AEF-118F-4C4A-A077-59EF014E01C7}.Debug|Any CPU.ActiveCfg = Debug|Any CPU
		{58FF0AEF-118F-4C4A-A077-59EF014E01C7}.Debug|Any CPU.Build.0 = Debug|Any CPU
		{58FF0AEF-118F-4C4A-A077-59EF014E01C7}.Release|Any CPU.ActiveCfg = Release|Any CPU
		{58FF0AEF-118F-4C4A-A077-59EF014E01C7}.Release|Any CPU.Build.0 = Release|Any CPU
	EndGlobalSection
	GlobalSection(SolutionProperties) = preSolution
		HideSolutionNode = FALSE
	EndGlobalSection
	GlobalSection(ExtensibilityGlobals) = postSolution
		SolutionGuid = {9E5630A3-19D6-4CB8-ABBA-761E6EFFCC4C}
	EndGlobalSection
EndGlobal
